
Microsoft Visual Studio Solution File, Format Version 12.00
# Visual Studio Version 17
VisualStudioVersion = 17.4.33122.133
MinimumVisualStudioVersion = 10.0.40219.1
Project("{FAE04EC0-301F-11D3-BF4B-00C04F79EFBC}") = "VeriTabanıYedek", "VeriTabanıYedek\VeriTabanıYedek.csproj", "{30F255BE-73BF-42DA-A18B-D634B5783E50}"
EndProject
Global
	GlobalSection(SolutionConfigurationPlatforms) = preSolution
		Debug|Any CPU = Debug|Any CPU
		Release|Any CPU = Release|Any CPU
	EndGlobalSection
	GlobalSection(ProjectConfigurationPlatforms) = postSolution
		{30F255BE-73BF-42DA-A18B-D634B5783E50}.Debug|Any CPU.ActiveCfg = Debug|Any CPU
		{30F255BE-73BF-42DA-A18B-D634B5783E50}.Debug|Any CPU.Build.0 = Debug|Any CPU
		{30F255BE-73BF-42DA-A18B-D634B5783E50}.Release|Any CPU.ActiveCfg = Release|Any CPU
		{30F255BE-73BF-42DA-A18B-D634B5783E50}.Release|Any CPU.Build.0 = Release|Any CPU
	EndGlobalSection
	GlobalSection(SolutionProperties) = preSolution
		HideSolutionNode = FALSE
	EndGlobalSection
	GlobalSection(ExtensibilityGlobals) = postSolution
		SolutionGuid = {5EFE0347-E1E7-48FB-BE23-D7270C0E7BE7}
	EndGlobalSection
EndGlobal
